
Microsoft Visual Studio Solution File, Format Version 12.00
# Visual Studio Version 16
VisualStudioVersion = 16.0.33927.289
MinimumVisualStudioVersion = 10.0.40219.1
Project("{FAE04EC0-301F-11D3-BF4B-00C04F79EFBC}") = "ejercicio guiado cal", "ejercicio guiado cal.csproj", "{052FAB67-F07F-48D2-AAC3-F305D4293766}"
EndProject
Global
	GlobalSection(SolutionConfigurationPlatforms) = preSolution
		Debug|Any CPU = Debug|Any CPU
		Release|Any CPU = Release|Any CPU
	EndGlobalSection
	GlobalSection(ProjectConfigurationPlatforms) = postSolution
		{052FAB67-F07F-48D2-AAC3-F305D4293766}.Debug|Any CPU.ActiveCfg = Debug|Any CPU
		{052FAB67-F07F-48D2-AAC3-F305D4293766}.Debug|Any CPU.Build.0 = Debug|Any CPU
		{052FAB67-F07F-48D2-AAC3-F305D4293766}.Release|Any CPU.ActiveCfg = Release|Any CPU
		{052FAB67-F07F-48D2-AAC3-F305D4293766}.Release|Any CPU.Build.0 = Release|Any CPU
	EndGlobalSection
	GlobalSection(SolutionProperties) = preSolution
		HideSolutionNode = FALSE
	EndGlobalSection
	GlobalSection(ExtensibilityGlobals) = postSolution
		SolutionGuid = {8B566F57-5C5F-4BA7-B718-3A3D3B09720F}
	EndGlobalSection
EndGlobal
